
Microsoft Visual Studio Solution File, Format Version 9.00
# Visual Studio 2005
Project("{8BC9CEB8-8B4A-11D0-8D11-00A0C91BC942}") = "network", "network\network.vcproj", "{5C99B807-8987-4F6D-AACF-DBBD50371873}"
EndProject
Project("{8BC9CEB8-8B4A-11D0-8D11-00A0C91BC942}") = "component", "component\component.vcproj", "{8ED092B5-70E1-47CE-9ED2-F7179AF1D009}"
EndProject
Project("{8BC9CEB8-8B4A-11D0-8D11-00A0C91BC942}") = "platform", "platform\platform.vcproj", "{93CCAD86-BF04-4030-BC21-589BCAD64A2C}"
EndProject
Project("{8BC9CEB8-8B4A-11D0-8D11-00A0C91BC942}") = "client", "client\client.vcproj", "{6D9EAE85-5041-49B1-BA11-03F6ABBA68BC}"
EndProject
Project("{8BC9CEB8-8B4A-11D0-8D11-00A0C91BC942}") = "server", "server\server.vcproj", "{EC3BFFF0-D7FB-48B7-B814-D14BEAAF8D9E}"
EndProject
Project("{8BC9CEB8-8B4A-11D0-8D11-00A0C91BC942}") = "client_app", "client_app\client_app.vcproj", "{E7B6617F-EB97-4129-95E4-A1CE2E9374BD}"
EndProject
Project("{8BC9CEB8-8B4A-11D0-8D11-00A0C91BC942}") = "server_app", "server_app\server_app.vcproj", "{F24054CA-D6F6-45A4-A41B-D44E09AC31BE}"
EndProject
Project("{8BC9CEB8-8B4A-11D0-8D11-00A0C91BC942}") = "aircraft_component", "aircraft_component\aircraft_component.vcproj", "{3209C5E4-A0D1-4203-9F2D-1BF6290D72A9}"
EndProject
Project("{8BC9CEB8-8B4A-11D0-8D11-00A0C91BC942}") = "model_app", "model_app\model_app.vcproj", "{1E72F093-1462-4F9B-B822-23DA7C82E785}"
EndProject
Global
	GlobalSection(SolutionConfigurationPlatforms) = preSolution
		Debug|Win32 = Debug|Win32
		Release|Win32 = Release|Win32
	EndGlobalSection
	GlobalSection(ProjectConfigurationPlatforms) = postSolution
		{5C99B807-8987-4F6D-AACF-DBBD50371873}.Debug|Win32.ActiveCfg = Debug|Win32
		{5C99B807-8987-4F6D-AACF-DBBD50371873}.Debug|Win32.Build.0 = Debug|Win32
		{5C99B807-8987-4F6D-AACF-DBBD50371873}.Release|Win32.ActiveCfg = Release|Win32
		{5C99B807-8987-4F6D-AACF-DBBD50371873}.Release|Win32.Build.0 = Release|Win32
		{8ED092B5-70E1-47CE-9ED2-F7179AF1D009}.Debug|Win32.ActiveCfg = Debug|Win32
		{8ED092B5-70E1-47CE-9ED2-F7179AF1D009}.Debug|Win32.Build.0 = Debug|Win32
		{8ED092B5-70E1-47CE-9ED2-F7179AF1D009}.Release|Win32.ActiveCfg = Release|Win32
		{8ED092B5-70E1-47CE-9ED2-F7179AF1D009}.Release|Win32.Build.0 = Release|Win32
		{93CCAD86-BF04-4030-BC21-589BCAD64A2C}.Debug|Win32.ActiveCfg = Debug|Win32
		{93CCAD86-BF04-4030-BC21-589BCAD64A2C}.Debug|Win32.Build.0 = Debug|Win32
		{93CCAD86-BF04-4030-BC21-589BCAD64A2C}.Release|Win32.ActiveCfg = Release|Win32
		{93CCAD86-BF04-4030-BC21-589BCAD64A2C}.Release|Win32.Build.0 = Release|Win32
		{6D9EAE85-5041-49B1-BA11-03F6ABBA68BC}.Debug|Win32.ActiveCfg = Debug|Win32
		{6D9EAE85-5041-49B1-BA11-03F6ABBA68BC}.Debug|Win32.Build.0 = Debug|Win32
		{6D9EAE85-5041-49B1-BA11-03F6ABBA68BC}.Release|Win32.ActiveCfg = Release|Win32
		{6D9EAE85-5041-49B1-BA11-03F6ABBA68BC}.Release|Win32.Build.0 = Release|Win32
		{EC3BFFF0-D7FB-48B7-B814-D14BEAAF8D9E}.Debug|Win32.ActiveCfg = Debug|Win32
		{EC3BFFF0-D7FB-48B7-B814-D14BEAAF8D9E}.Debug|Win32.Build.0 = Debug|Win32
		{EC3BFFF0-D7FB-48B7-B814-D14BEAAF8D9E}.Release|Win32.ActiveCfg = Release|Win32
		{EC3BFFF0-D7FB-48B7-B814-D14BEAAF8D9E}.Release|Win32.Build.0 = Release|Win32
		{E7B6617F-EB97-4129-95E4-A1CE2E9374BD}.Debug|Win32.ActiveCfg = Debug|Win32
		{E7B6617F-EB97-4129-95E4-A1CE2E9374BD}.Debug|Win32.Build.0 = Debug|Win32
		{E7B6617F-EB97-4129-95E4-A1CE2E9374BD}.Release|Win32.ActiveCfg = Release|Win32
		{E7B6617F-EB97-4129-95E4-A1CE2E9374BD}.Release|Win32.Build.0 = Release|Win32
		{F24054CA-D6F6-45A4-A41B-D44E09AC31BE}.Debug|Win32.ActiveCfg = Debug|Win32
		{F24054CA-D6F6-45A4-A41B-D44E09AC31BE}.Debug|Win32.Build.0 = Debug|Win32
		{F24054CA-D6F6-45A4-A41B-D44E09AC31BE}.Release|Win32.ActiveCfg = Release|Win32
		{F24054CA-D6F6-45A4-A41B-D44E09AC31BE}.Release|Win32.Build.0 = Release|Win32
		{3209C5E4-A0D1-4203-9F2D-1BF6290D72A9}.Debug|Win32.ActiveCfg = Debug|Win32
		{3209C5E4-A0D1-4203-9F2D-1BF6290D72A9}.Debug|Win32.Build.0 = Debug|Win32
		{3209C5E4-A0D1-4203-9F2D-1BF6290D72A9}.Release|Win32.ActiveCfg = Release|Win32
		{3209C5E4-A0D1-4203-9F2D-1BF6290D72A9}.Release|Win32.Build.0 = Release|Win32
		{1E72F093-1462-4F9B-B822-23DA7C82E785}.Debug|Win32.ActiveCfg = Debug|Win32
		{1E72F093-1462-4F9B-B822-23DA7C82E785}.Debug|Win32.Build.0 = Debug|Win32
		{1E72F093-1462-4F9B-B822-23DA7C82E785}.Release|Win32.ActiveCfg = Release|Win32
		{1E72F093-1462-4F9B-B822-23DA7C82E785}.Release|Win32.Build.0 = Release|Win32
	EndGlobalSection
	GlobalSection(SolutionProperties) = preSolution
		HideSolutionNode = FALSE
	EndGlobalSection
EndGlobal
