
Microsoft Visual Studio Solution File, Format Version 9.00
# Visual Studio 2005
Project("{8BC9CEB8-8B4A-11D0-8D11-00A0C91BC942}") = "network", "..\network\network.vcproj", "{5C99B807-8987-4F6D-AACF-DBBD50371873}"
EndProject
Project("{8BC9CEB8-8B4A-11D0-8D11-00A0C91BC942}") = "test_tcp_server", "test_tcp_server\test_tcp_server.vcproj", "{98C1C30D-EDA3-4088-B424-0021A7F2A74D}"
	ProjectSection(ProjectDependencies) = postProject
		{5C99B807-8987-4F6D-AACF-DBBD50371873} = {5C99B807-8987-4F6D-AACF-DBBD50371873}
	EndProjectSection
EndProject
Project("{8BC9CEB8-8B4A-11D0-8D11-00A0C91BC942}") = "test_tcp_client", "test_tcp_client\test_tcp_client.vcproj", "{5409F9B8-7EE0-42E4-A3D4-717CD868C406}"
	ProjectSection(ProjectDependencies) = postProject
		{5C99B807-8987-4F6D-AACF-DBBD50371873} = {5C99B807-8987-4F6D-AACF-DBBD50371873}
	EndProjectSection
EndProject
Project("{8BC9CEB8-8B4A-11D0-8D11-00A0C91BC942}") = "connect_test_client", "connect_test_client\connect_test_client.vcproj", "{D88374BB-B355-4F2E-9DED-F5867B76F457}"
	ProjectSection(ProjectDependencies) = postProject
		{5409F9B8-7EE0-42E4-A3D4-717CD868C406} = {5409F9B8-7EE0-42E4-A3D4-717CD868C406}
	EndProjectSection
EndProject
Project("{8BC9CEB8-8B4A-11D0-8D11-00A0C91BC942}") = "connect_test_server", "connect_test_server\connect_test_server.vcproj", "{E7D050E8-F260-42F3-BFFF-EFF417D84F66}"
	ProjectSection(ProjectDependencies) = postProject
		{98C1C30D-EDA3-4088-B424-0021A7F2A74D} = {98C1C30D-EDA3-4088-B424-0021A7F2A74D}
	EndProjectSection
EndProject
Project("{8BC9CEB8-8B4A-11D0-8D11-00A0C91BC942}") = "u08_test_client", "u08_test_client\u08_test_client.vcproj", "{F79B9BC0-F2CA-4A56-9A02-EF7E2D609A97}"
	ProjectSection(ProjectDependencies) = postProject
		{5409F9B8-7EE0-42E4-A3D4-717CD868C406} = {5409F9B8-7EE0-42E4-A3D4-717CD868C406}
	EndProjectSection
EndProject
Project("{8BC9CEB8-8B4A-11D0-8D11-00A0C91BC942}") = "u08_test_server", "u08_test_server\u08_test_server.vcproj", "{A7151915-8A44-45CE-88B3-D3CE16E6E72B}"
	ProjectSection(ProjectDependencies) = postProject
		{98C1C30D-EDA3-4088-B424-0021A7F2A74D} = {98C1C30D-EDA3-4088-B424-0021A7F2A74D}
	EndProjectSection
EndProject
Global
	GlobalSection(SolutionConfigurationPlatforms) = preSolution
		Debug|Win32 = Debug|Win32
		Release|Win32 = Release|Win32
	EndGlobalSection
	GlobalSection(ProjectConfigurationPlatforms) = postSolution
		{5C99B807-8987-4F6D-AACF-DBBD50371873}.Debug|Win32.ActiveCfg = Debug|Win32
		{5C99B807-8987-4F6D-AACF-DBBD50371873}.Debug|Win32.Build.0 = Debug|Win32
		{5C99B807-8987-4F6D-AACF-DBBD50371873}.Release|Win32.ActiveCfg = Release|Win32
		{5C99B807-8987-4F6D-AACF-DBBD50371873}.Release|Win32.Build.0 = Release|Win32
		{98C1C30D-EDA3-4088-B424-0021A7F2A74D}.Debug|Win32.ActiveCfg = Debug|Win32
		{98C1C30D-EDA3-4088-B424-0021A7F2A74D}.Debug|Win32.Build.0 = Debug|Win32
		{98C1C30D-EDA3-4088-B424-0021A7F2A74D}.Release|Win32.ActiveCfg = Release|Win32
		{98C1C30D-EDA3-4088-B424-0021A7F2A74D}.Release|Win32.Build.0 = Release|Win32
		{5409F9B8-7EE0-42E4-A3D4-717CD868C406}.Debug|Win32.ActiveCfg = Debug|Win32
		{5409F9B8-7EE0-42E4-A3D4-717CD868C406}.Debug|Win32.Build.0 = Debug|Win32
		{5409F9B8-7EE0-42E4-A3D4-717CD868C406}.Release|Win32.ActiveCfg = Release|Win32
		{5409F9B8-7EE0-42E4-A3D4-717CD868C406}.Release|Win32.Build.0 = Release|Win32
		{D88374BB-B355-4F2E-9DED-F5867B76F457}.Debug|Win32.ActiveCfg = Debug|Win32
		{D88374BB-B355-4F2E-9DED-F5867B76F457}.Debug|Win32.Build.0 = Debug|Win32
		{D88374BB-B355-4F2E-9DED-F5867B76F457}.Release|Win32.ActiveCfg = Release|Win32
		{D88374BB-B355-4F2E-9DED-F5867B76F457}.Release|Win32.Build.0 = Release|Win32
		{E7D050E8-F260-42F3-BFFF-EFF417D84F66}.Debug|Win32.ActiveCfg = Debug|Win32
		{E7D050E8-F260-42F3-BFFF-EFF417D84F66}.Debug|Win32.Build.0 = Debug|Win32
		{E7D050E8-F260-42F3-BFFF-EFF417D84F66}.Release|Win32.ActiveCfg = Release|Win32
		{E7D050E8-F260-42F3-BFFF-EFF417D84F66}.Release|Win32.Build.0 = Release|Win32
		{F79B9BC0-F2CA-4A56-9A02-EF7E2D609A97}.Debug|Win32.ActiveCfg = Debug|Win32
		{F79B9BC0-F2CA-4A56-9A02-EF7E2D609A97}.Debug|Win32.Build.0 = Debug|Win32
		{F79B9BC0-F2CA-4A56-9A02-EF7E2D609A97}.Release|Win32.ActiveCfg = Release|Win32
		{F79B9BC0-F2CA-4A56-9A02-EF7E2D609A97}.Release|Win32.Build.0 = Release|Win32
		{A7151915-8A44-45CE-88B3-D3CE16E6E72B}.Debug|Win32.ActiveCfg = Debug|Win32
		{A7151915-8A44-45CE-88B3-D3CE16E6E72B}.Debug|Win32.Build.0 = Debug|Win32
		{A7151915-8A44-45CE-88B3-D3CE16E6E72B}.Release|Win32.ActiveCfg = Release|Win32
		{A7151915-8A44-45CE-88B3-D3CE16E6E72B}.Release|Win32.Build.0 = Release|Win32
	EndGlobalSection
	GlobalSection(SolutionProperties) = preSolution
		HideSolutionNode = FALSE
	EndGlobalSection
EndGlobal
